
Microsoft Visual Studio Solution File, Format Version 12.00
# Visual Studio Version 17
VisualStudioVersion = 17.10.35027.167
MinimumVisualStudioVersion = 10.0.40219.1
Project("{FAE04EC0-301F-11D3-BF4B-00C04F79EFBC}") = "MikesList", "MikesList\MikesList.csproj", "{1A204982-4642-4914-A363-530889AEB00B}"
EndProject
Global
	GlobalSection(SolutionConfigurationPlatforms) = preSolution
		Debug|Any CPU = Debug|Any CPU
		Release|Any CPU = Release|Any CPU
	EndGlobalSection
	GlobalSection(ProjectConfigurationPlatforms) = postSolution
		{1A204982-4642-4914-A363-530889AEB00B}.Debug|Any CPU.ActiveCfg = Debug|Any CPU
		{1A204982-4642-4914-A363-530889AEB00B}.Debug|Any CPU.Build.0 = Debug|Any CPU
		{1A204982-4642-4914-A363-530889AEB00B}.Release|Any CPU.ActiveCfg = Release|Any CPU
		{1A204982-4642-4914-A363-530889AEB00B}.Release|Any CPU.Build.0 = Release|Any CPU
	EndGlobalSection
	GlobalSection(SolutionProperties) = preSolution
		HideSolutionNode = FALSE
	EndGlobalSection
	GlobalSection(ExtensibilityGlobals) = postSolution
		SolutionGuid = {ED02419E-6906-43F9-B8EA-CB04976D09A2}
	EndGlobalSection
EndGlobal
